
Microsoft Visual Studio Solution File, Format Version 12.00
# Visual Studio Version 17
VisualStudioVersion = 17.2.32630.192
MinimumVisualStudioVersion = 10.0.40219.1
Project("{9A19103F-16F7-4668-BE54-9A1E7A4F7556}") = "R5T.L0063.Construction", "R5T.L0063.Construction\R5T.L0063.Construction.csproj", "{7D30BCEF-B5C6-444A-AA3A-9EB7FB1401FA}"
EndProject
Project("{9A19103F-16F7-4668-BE54-9A1E7A4F7556}") = "R5T.L0063", "R5T.L0063\R5T.L0063.csproj", "{5B64B4F7-DA01-402C-9112-716AB4179DE9}"
EndProject
Project("{9A19103F-16F7-4668-BE54-9A1E7A4F7556}") = "R5T.L0063.T000", "R5T.L0063.T000\R5T.L0063.T000.csproj", "{E0ECF538-7663-426D-B86B-56FB9BA3A74B}"
EndProject
Project("{2150E333-8FDC-42A3-9474-1A3956D46DE8}") = "_Dependencies", "_Dependencies", "{9BFD167E-7F3F-4FFC-97BE-3B3AB40334DA}"
EndProject
Project("{9A19103F-16F7-4668-BE54-9A1E7A4F7556}") = "R5T.F0000", "..\..\R5T.F0000\source\R5T.F0000\R5T.F0000.csproj", "{F95C722F-D6BB-40B7-872F-0EC8F150C4EE}"
EndProject
Project("{9A19103F-16F7-4668-BE54-9A1E7A4F7556}") = "R5T.F0002", "..\..\R5T.F0002\source\R5T.F0002\R5T.F0002.csproj", "{27F57300-D628-4BE7-B9CA-3858B3B7F0F5}"
EndProject
Project("{9A19103F-16F7-4668-BE54-9A1E7A4F7556}") = "R5T.F0120", "..\..\R5T.F0120\source\R5T.F0120\R5T.F0120.csproj", "{70AB4245-0950-4C64-BB10-110E01C7F3EB}"
EndProject
Project("{9A19103F-16F7-4668-BE54-9A1E7A4F7556}") = "R5T.F0124", "..\..\R5T.F0124\source\R5T.F0124\R5T.F0124.csproj", "{FA7E072C-EF63-4645-85B3-3A4D3415B2CA}"
EndProject
Project("{9A19103F-16F7-4668-BE54-9A1E7A4F7556}") = "R5T.F0125", "..\..\R5T.F0125\source\R5T.F0125\R5T.F0125.csproj", "{1C39ECA7-2442-4537-B0FF-81C3592EAE3D}"
EndProject
Project("{9A19103F-16F7-4668-BE54-9A1E7A4F7556}") = "R5T.L0030.T000", "..\..\R5T.L0030\source\R5T.L0030.T000\R5T.L0030.T000.csproj", "{40CB2EC9-0310-4449-8185-D9E428755205}"
EndProject
Project("{9A19103F-16F7-4668-BE54-9A1E7A4F7556}") = "R5T.L0030", "..\..\R5T.L0030\source\R5T.L0030\R5T.L0030.csproj", "{D2369D12-B34C-4E02-9965-5A3C62B415CC}"
EndProject
Project("{9A19103F-16F7-4668-BE54-9A1E7A4F7556}") = "R5T.L0034", "..\..\R5T.L0034\source\R5T.L0034\R5T.L0034.csproj", "{B543CD34-9998-4131-8D2C-CE7C9573320E}"
EndProject
Project("{9A19103F-16F7-4668-BE54-9A1E7A4F7556}") = "R5T.L0035", "..\..\R5T.L0035\source\R5T.L0035\R5T.L0035.csproj", "{05FD1D7F-93C3-4CE8-8740-C42693820CBF}"
EndProject
Project("{9A19103F-16F7-4668-BE54-9A1E7A4F7556}") = "R5T.L0053", "..\..\R5T.L0053\source\R5T.L0053\R5T.L0053.csproj", "{08CB64B4-E124-43E0-A451-4ACA0AA27A3A}"
EndProject
Project("{9A19103F-16F7-4668-BE54-9A1E7A4F7556}") = "R5T.NG0022", "..\..\R5T.NG0022\source\R5T.NG0022\R5T.NG0022.csproj", "{1E4A7927-4415-4904-8723-DA1E40565ED6}"
EndProject
Project("{9A19103F-16F7-4668-BE54-9A1E7A4F7556}") = "R5T.T0131", "..\..\R5T.T0131\source\R5T.T0131\R5T.T0131.csproj", "{0D5C427A-BB48-482C-A64E-4D3B87C58E15}"
EndProject
Project("{9A19103F-16F7-4668-BE54-9A1E7A4F7556}") = "R5T.T0132", "..\..\R5T.T0132\source\R5T.T0132\R5T.T0132.csproj", "{6F56EE24-DFBF-4657-9771-372BA944B4FD}"
EndProject
Project("{9A19103F-16F7-4668-BE54-9A1E7A4F7556}") = "R5T.T0142", "..\..\R5T.T0142\source\R5T.T0142\R5T.T0142.csproj", "{E00B1837-3431-4EA9-A226-D2BC3E68988B}"
EndProject
Project("{9A19103F-16F7-4668-BE54-9A1E7A4F7556}") = "R5T.T0143", "..\..\R5T.T0143\source\R5T.T0143\R5T.T0143.csproj", "{EF79700E-8351-40BC-B558-9127CA4FA5A8}"
EndProject
Project("{9A19103F-16F7-4668-BE54-9A1E7A4F7556}") = "R5T.T0156", "..\..\R5T.T0156\source\R5T.T0156\R5T.T0156.csproj", "{4F4191E3-0CC1-4020-8A99-78C62FC9D94A}"
EndProject
Project("{9A19103F-16F7-4668-BE54-9A1E7A4F7556}") = "R5T.T0174", "..\..\R5T.T0174\source\R5T.T0174\R5T.T0174.csproj", "{2EA947DC-7A55-4C3A-A905-D5699E5FD8CA}"
EndProject
Project("{9A19103F-16F7-4668-BE54-9A1E7A4F7556}") = "R5T.T0176", "..\..\R5T.T0176\source\R5T.T0176\R5T.T0176.csproj", "{F91B3E00-A642-4FFA-AA6F-22EB48CAB8DF}"
EndProject
Project("{9A19103F-16F7-4668-BE54-9A1E7A4F7556}") = "R5T.T0177", "..\..\R5T.T0177\source\R5T.T0177\R5T.T0177.csproj", "{371B9D66-3D77-49A1-A866-D4FE17E474B4}"
EndProject
Project("{9A19103F-16F7-4668-BE54-9A1E7A4F7556}") = "R5T.T0178", "..\..\R5T.T0178\source\R5T.T0178\R5T.T0178.csproj", "{606EA754-C3BB-4144-AB12-B1A477BC6927}"
EndProject
Project("{9A19103F-16F7-4668-BE54-9A1E7A4F7556}") = "R5T.T0179", "..\..\R5T.T0179\source\R5T.T0179\R5T.T0179.csproj", "{4F56B6BA-F6D0-4791-8EBD-5E0FF4CB5666}"
EndProject
Project("{9A19103F-16F7-4668-BE54-9A1E7A4F7556}") = "R5T.T0180", "..\..\R5T.T0180\source\R5T.T0180\R5T.T0180.csproj", "{E21A04B4-F302-4691-ABB0-6CBABD94DCB2}"
EndProject
Project("{9A19103F-16F7-4668-BE54-9A1E7A4F7556}") = "R5T.T0181", "..\..\R5T.T0181\source\R5T.T0181\R5T.T0181.csproj", "{C1183AA3-782E-41B9-B88C-9A6EFD3642C4}"
EndProject
Project("{9A19103F-16F7-4668-BE54-9A1E7A4F7556}") = "R5T.T0185", "..\..\R5T.T0185\source\R5T.T0185\R5T.T0185.csproj", "{9B74E25B-636A-4153-9585-68EBFACE1383}"
EndProject
Project("{9A19103F-16F7-4668-BE54-9A1E7A4F7556}") = "R5T.T0199", "..\..\R5T.T0199\source\R5T.T0199\R5T.T0199.csproj", "{6423A9A8-F6F1-40D7-8783-E232D6044EEB}"
EndProject
Project("{9A19103F-16F7-4668-BE54-9A1E7A4F7556}") = "R5T.T0203", "..\..\R5T.T0203\source\R5T.T0203\R5T.T0203.csproj", "{85E1204C-3099-41D0-8641-00E957D008C5}"
EndProject
Project("{9A19103F-16F7-4668-BE54-9A1E7A4F7556}") = "R5T.T0220", "..\..\R5T.T0220\source\R5T.T0220\R5T.T0220.csproj", "{B4320FB2-62F3-4AB7-B95A-041DACB733C5}"
EndProject
Project("{9A19103F-16F7-4668-BE54-9A1E7A4F7556}") = "R5T.T0221", "..\..\R5T.T0221\source\R5T.T0221\R5T.T0221.csproj", "{644957DE-9F5C-42B3-9DDD-0AB340D66567}"
EndProject
Project("{9A19103F-16F7-4668-BE54-9A1E7A4F7556}") = "R5T.Y0000", "..\..\R5T.Y0000\source\R5T.Y0000\R5T.Y0000.csproj", "{8BA64242-12D4-490C-AD85-63F9E78931A8}"
EndProject
Project("{9A19103F-16F7-4668-BE54-9A1E7A4F7556}") = "R5T.Z0000", "..\..\R5T.Z0000\source\R5T.Z0000\R5T.Z0000.csproj", "{E99E3CB6-F462-4FF5-A10B-9B96C04406FE}"
EndProject
Project("{9A19103F-16F7-4668-BE54-9A1E7A4F7556}") = "R5T.Z0010.Platform", "..\..\R5T.Z0010\source\R5T.Z0010.Platform\R5T.Z0010.Platform.csproj", "{C5259CE2-05F3-43DF-8125-3CE705D3C780}"
EndProject
Project("{9A19103F-16F7-4668-BE54-9A1E7A4F7556}") = "R5T.L0063.Z000", "R5T.L0063.Z000\R5T.L0063.Z000.csproj", "{C63A7652-C37D-4979-B51B-A62D3BC8728A}"
EndProject
Project("{9A19103F-16F7-4668-BE54-9A1E7A4F7556}") = "R5T.L0063.F001", "R5T.L0063.F001\R5T.L0063.F001.csproj", "{FEB8A2A1-1DE5-43F3-B9CC-AE3E9D0EB049}"
EndProject
Project("{9A19103F-16F7-4668-BE54-9A1E7A4F7556}") = "R5T.L0063.T001", "R5T.L0063.T001\R5T.L0063.T001.csproj", "{D320AFDB-68EF-41C3-9FC6-9F7CB1BD4E97}"
EndProject
Project("{9A19103F-16F7-4668-BE54-9A1E7A4F7556}") = "R5T.L0062.L001", "..\..\R5T.L0062\source\R5T.L0062.L001\R5T.L0062.L001.csproj", "{99A49336-47C0-4F28-9F18-8823AF207D42}"
EndProject
Project("{9A19103F-16F7-4668-BE54-9A1E7A4F7556}") = "R5T.L0063.F002", "R5T.L0063.F002\R5T.L0063.F002.csproj", "{D06FEF84-252D-47CC-B317-80CCFA1DBEB5}"
EndProject
Project("{9A19103F-16F7-4668-BE54-9A1E7A4F7556}") = "R5T.L0063.F000", "R5T.L0063.F000\R5T.L0063.F000.csproj", "{E3F792B7-F52E-4C19-916C-07CA55E5C402}"
EndProject
Project("{9A19103F-16F7-4668-BE54-9A1E7A4F7556}") = "R5T.L0063.F003", "R5T.L0063.F003\R5T.L0063.F003.csproj", "{341585FB-FB84-491D-AA9E-FC8FBA37DBEF}"
EndProject
Project("{9A19103F-16F7-4668-BE54-9A1E7A4F7556}") = "R5T.L0062.T000", "..\..\R5T.L0062\source\R5T.L0062.T000\R5T.L0062.T000.csproj", "{A1E7977E-F3CE-46A0-8F90-29168A2D7CCF}"
EndProject
Project("{9A19103F-16F7-4668-BE54-9A1E7A4F7556}") = "R5T.L0062.Z000", "..\..\R5T.L0062\source\R5T.L0062.Z000\R5T.L0062.Z000.csproj", "{C424342C-93D8-4997-B00B-CFA4A72F6DCA}"
EndProject
Project("{9A19103F-16F7-4668-BE54-9A1E7A4F7556}") = "R5T.L0063.Z001", "R5T.L0063.Z001\R5T.L0063.Z001.csproj", "{4C001BBD-25EC-4908-988C-42DFA74960F0}"
EndProject
Project("{9A19103F-16F7-4668-BE54-9A1E7A4F7556}") = "R5T.L0062.F000", "..\..\R5T.L0062\source\R5T.L0062.F000\R5T.L0062.F000.csproj", "{397023F2-14D2-4E88-967E-D8F89562C99F}"
EndProject
Project("{9A19103F-16F7-4668-BE54-9A1E7A4F7556}") = "R5T.L0063.F004", "R5T.L0063.F004\R5T.L0063.F004.csproj", "{6BF9347B-6FFB-49C1-8BCC-1B8CD078F44A}"
EndProject
Global
	GlobalSection(NestedProjects) = preSolution
		{F95C722F-D6BB-40B7-872F-0EC8F150C4EE} = {9BFD167E-7F3F-4FFC-97BE-3B3AB40334DA}
		{27F57300-D628-4BE7-B9CA-3858B3B7F0F5} = {9BFD167E-7F3F-4FFC-97BE-3B3AB40334DA}
		{70AB4245-0950-4C64-BB10-110E01C7F3EB} = {9BFD167E-7F3F-4FFC-97BE-3B3AB40334DA}
		{FA7E072C-EF63-4645-85B3-3A4D3415B2CA} = {9BFD167E-7F3F-4FFC-97BE-3B3AB40334DA}
		{1C39ECA7-2442-4537-B0FF-81C3592EAE3D} = {9BFD167E-7F3F-4FFC-97BE-3B3AB40334DA}
		{40CB2EC9-0310-4449-8185-D9E428755205} = {9BFD167E-7F3F-4FFC-97BE-3B3AB40334DA}
		{D2369D12-B34C-4E02-9965-5A3C62B415CC} = {9BFD167E-7F3F-4FFC-97BE-3B3AB40334DA}
		{B543CD34-9998-4131-8D2C-CE7C9573320E} = {9BFD167E-7F3F-4FFC-97BE-3B3AB40334DA}
		{05FD1D7F-93C3-4CE8-8740-C42693820CBF} = {9BFD167E-7F3F-4FFC-97BE-3B3AB40334DA}
		{08CB64B4-E124-43E0-A451-4ACA0AA27A3A} = {9BFD167E-7F3F-4FFC-97BE-3B3AB40334DA}
		{1E4A7927-4415-4904-8723-DA1E40565ED6} = {9BFD167E-7F3F-4FFC-97BE-3B3AB40334DA}
		{0D5C427A-BB48-482C-A64E-4D3B87C58E15} = {9BFD167E-7F3F-4FFC-97BE-3B3AB40334DA}
		{6F56EE24-DFBF-4657-9771-372BA944B4FD} = {9BFD167E-7F3F-4FFC-97BE-3B3AB40334DA}
		{E00B1837-3431-4EA9-A226-D2BC3E68988B} = {9BFD167E-7F3F-4FFC-97BE-3B3AB40334DA}
		{EF79700E-8351-40BC-B558-9127CA4FA5A8} = {9BFD167E-7F3F-4FFC-97BE-3B3AB40334DA}
		{4F4191E3-0CC1-4020-8A99-78C62FC9D94A} = {9BFD167E-7F3F-4FFC-97BE-3B3AB40334DA}
		{2EA947DC-7A55-4C3A-A905-D5699E5FD8CA} = {9BFD167E-7F3F-4FFC-97BE-3B3AB40334DA}
		{F91B3E00-A642-4FFA-AA6F-22EB48CAB8DF} = {9BFD167E-7F3F-4FFC-97BE-3B3AB40334DA}
		{371B9D66-3D77-49A1-A866-D4FE17E474B4} = {9BFD167E-7F3F-4FFC-97BE-3B3AB40334DA}
		{606EA754-C3BB-4144-AB12-B1A477BC6927} = {9BFD167E-7F3F-4FFC-97BE-3B3AB40334DA}
		{4F56B6BA-F6D0-4791-8EBD-5E0FF4CB5666} = {9BFD167E-7F3F-4FFC-97BE-3B3AB40334DA}
		{E21A04B4-F302-4691-ABB0-6CBABD94DCB2} = {9BFD167E-7F3F-4FFC-97BE-3B3AB40334DA}
		{C1183AA3-782E-41B9-B88C-9A6EFD3642C4} = {9BFD167E-7F3F-4FFC-97BE-3B3AB40334DA}
		{9B74E25B-636A-4153-9585-68EBFACE1383} = {9BFD167E-7F3F-4FFC-97BE-3B3AB40334DA}
		{6423A9A8-F6F1-40D7-8783-E232D6044EEB} = {9BFD167E-7F3F-4FFC-97BE-3B3AB40334DA}
		{85E1204C-3099-41D0-8641-00E957D008C5} = {9BFD167E-7F3F-4FFC-97BE-3B3AB40334DA}
		{B4320FB2-62F3-4AB7-B95A-041DACB733C5} = {9BFD167E-7F3F-4FFC-97BE-3B3AB40334DA}
		{644957DE-9F5C-42B3-9DDD-0AB340D66567} = {9BFD167E-7F3F-4FFC-97BE-3B3AB40334DA}
		{8BA64242-12D4-490C-AD85-63F9E78931A8} = {9BFD167E-7F3F-4FFC-97BE-3B3AB40334DA}
		{E99E3CB6-F462-4FF5-A10B-9B96C04406FE} = {9BFD167E-7F3F-4FFC-97BE-3B3AB40334DA}
		{C5259CE2-05F3-43DF-8125-3CE705D3C780} = {9BFD167E-7F3F-4FFC-97BE-3B3AB40334DA}
		{99A49336-47C0-4F28-9F18-8823AF207D42} = {9BFD167E-7F3F-4FFC-97BE-3B3AB40334DA}
		{A1E7977E-F3CE-46A0-8F90-29168A2D7CCF} = {9BFD167E-7F3F-4FFC-97BE-3B3AB40334DA}
		{C424342C-93D8-4997-B00B-CFA4A72F6DCA} = {9BFD167E-7F3F-4FFC-97BE-3B3AB40334DA}
		{397023F2-14D2-4E88-967E-D8F89562C99F} = {9BFD167E-7F3F-4FFC-97BE-3B3AB40334DA}
	EndGlobalSection
	GlobalSection(SolutionConfigurationPlatforms) = preSolution
		Debug|Any CPU = Debug|Any CPU
		Release|Any CPU = Release|Any CPU
	EndGlobalSection
	GlobalSection(ProjectConfigurationPlatforms) = postSolution
		{7D30BCEF-B5C6-444A-AA3A-9EB7FB1401FA}.Debug|Any CPU.ActiveCfg = Debug|Any CPU
		{7D30BCEF-B5C6-444A-AA3A-9EB7FB1401FA}.Debug|Any CPU.Build.0 = Debug|Any CPU
		{7D30BCEF-B5C6-444A-AA3A-9EB7FB1401FA}.Release|Any CPU.ActiveCfg = Release|Any CPU
		{7D30BCEF-B5C6-444A-AA3A-9EB7FB1401FA}.Release|Any CPU.Build.0 = Release|Any CPU
		{5B64B4F7-DA01-402C-9112-716AB4179DE9}.Debug|Any CPU.ActiveCfg = Debug|Any CPU
		{5B64B4F7-DA01-402C-9112-716AB4179DE9}.Debug|Any CPU.Build.0 = Debug|Any CPU
		{5B64B4F7-DA01-402C-9112-716AB4179DE9}.Release|Any CPU.ActiveCfg = Release|Any CPU
		{5B64B4F7-DA01-402C-9112-716AB4179DE9}.Release|Any CPU.Build.0 = Release|Any CPU
		{E0ECF538-7663-426D-B86B-56FB9BA3A74B}.Debug|Any CPU.ActiveCfg = Debug|Any CPU
		{E0ECF538-7663-426D-B86B-56FB9BA3A74B}.Debug|Any CPU.Build.0 = Debug|Any CPU
		{E0ECF538-7663-426D-B86B-56FB9BA3A74B}.Release|Any CPU.ActiveCfg = Release|Any CPU
		{E0ECF538-7663-426D-B86B-56FB9BA3A74B}.Release|Any CPU.Build.0 = Release|Any CPU
		{F95C722F-D6BB-40B7-872F-0EC8F150C4EE}.Debug|Any CPU.ActiveCfg = Debug|Any CPU
		{F95C722F-D6BB-40B7-872F-0EC8F150C4EE}.Debug|Any CPU.Build.0 = Debug|Any CPU
		{F95C722F-D6BB-40B7-872F-0EC8F150C4EE}.Release|Any CPU.ActiveCfg = Release|Any CPU
		{F95C722F-D6BB-40B7-872F-0EC8F150C4EE}.Release|Any CPU.Build.0 = Release|Any CPU
		{27F57300-D628-4BE7-B9CA-3858B3B7F0F5}.Debug|Any CPU.ActiveCfg = Debug|Any CPU
		{27F57300-D628-4BE7-B9CA-3858B3B7F0F5}.Debug|Any CPU.Build.0 = Debug|Any CPU
		{27F57300-D628-4BE7-B9CA-3858B3B7F0F5}.Release|Any CPU.ActiveCfg = Release|Any CPU
		{27F57300-D628-4BE7-B9CA-3858B3B7F0F5}.Release|Any CPU.Build.0 = Release|Any CPU
		{70AB4245-0950-4C64-BB10-110E01C7F3EB}.Debug|Any CPU.ActiveCfg = Debug|Any CPU
		{70AB4245-0950-4C64-BB10-110E01C7F3EB}.Debug|Any CPU.Build.0 = Debug|Any CPU
		{70AB4245-0950-4C64-BB10-110E01C7F3EB}.Release|Any CPU.ActiveCfg = Release|Any CPU
		{70AB4245-0950-4C64-BB10-110E01C7F3EB}.Release|Any CPU.Build.0 = Release|Any CPU
		{FA7E072C-EF63-4645-85B3-3A4D3415B2CA}.Debug|Any CPU.ActiveCfg = Debug|Any CPU
		{FA7E072C-EF63-4645-85B3-3A4D3415B2CA}.Debug|Any CPU.Build.0 = Debug|Any CPU
		{FA7E072C-EF63-4645-85B3-3A4D3415B2CA}.Release|Any CPU.ActiveCfg = Release|Any CPU
		{FA7E072C-EF63-4645-85B3-3A4D3415B2CA}.Release|Any CPU.Build.0 = Release|Any CPU
		{1C39ECA7-2442-4537-B0FF-81C3592EAE3D}.Debug|Any CPU.ActiveCfg = Debug|Any CPU
		{1C39ECA7-2442-4537-B0FF-81C3592EAE3D}.Debug|Any CPU.Build.0 = Debug|Any CPU
		{1C39ECA7-2442-4537-B0FF-81C3592EAE3D}.Release|Any CPU.ActiveCfg = Release|Any CPU
		{1C39ECA7-2442-4537-B0FF-81C3592EAE3D}.Release|Any CPU.Build.0 = Release|Any CPU
		{40CB2EC9-0310-4449-8185-D9E428755205}.Debug|Any CPU.ActiveCfg = Debug|Any CPU
		{40CB2EC9-0310-4449-8185-D9E428755205}.Debug|Any CPU.Build.0 = Debug|Any CPU
		{40CB2EC9-0310-4449-8185-D9E428755205}.Release|Any CPU.ActiveCfg = Release|Any CPU
		{40CB2EC9-0310-4449-8185-D9E428755205}.Release|Any CPU.Build.0 = Release|Any CPU
		{D2369D12-B34C-4E02-9965-5A3C62B415CC}.Debug|Any CPU.ActiveCfg = Debug|Any CPU
		{D2369D12-B34C-4E02-9965-5A3C62B415CC}.Debug|Any CPU.Build.0 = Debug|Any CPU
		{D2369D12-B34C-4E02-9965-5A3C62B415CC}.Release|Any CPU.ActiveCfg = Release|Any CPU
		{D2369D12-B34C-4E02-9965-5A3C62B415CC}.Release|Any CPU.Build.0 = Release|Any CPU
		{B543CD34-9998-4131-8D2C-CE7C9573320E}.Debug|Any CPU.ActiveCfg = Debug|Any CPU
		{B543CD34-9998-4131-8D2C-CE7C9573320E}.Debug|Any CPU.Build.0 = Debug|Any CPU
		{B543CD34-9998-4131-8D2C-CE7C9573320E}.Release|Any CPU.ActiveCfg = Release|Any CPU
		{B543CD34-9998-4131-8D2C-CE7C9573320E}.Release|Any CPU.Build.0 = Release|Any CPU
		{05FD1D7F-93C3-4CE8-8740-C42693820CBF}.Debug|Any CPU.ActiveCfg = Debug|Any CPU
		{05FD1D7F-93C3-4CE8-8740-C42693820CBF}.Debug|Any CPU.Build.0 = Debug|Any CPU
		{05FD1D7F-93C3-4CE8-8740-C42693820CBF}.Release|Any CPU.ActiveCfg = Release|Any CPU
		{05FD1D7F-93C3-4CE8-8740-C42693820CBF}.Release|Any CPU.Build.0 = Release|Any CPU
		{08CB64B4-E124-43E0-A451-4ACA0AA27A3A}.Debug|Any CPU.ActiveCfg = Debug|Any CPU
		{08CB64B4-E124-43E0-A451-4ACA0AA27A3A}.Debug|Any CPU.Build.0 = Debug|Any CPU
		{08CB64B4-E124-43E0-A451-4ACA0AA27A3A}.Release|Any CPU.ActiveCfg = Release|Any CPU
		{08CB64B4-E124-43E0-A451-4ACA0AA27A3A}.Release|Any CPU.Build.0 = Release|Any CPU
		{1E4A7927-4415-4904-8723-DA1E40565ED6}.Debug|Any CPU.ActiveCfg = Debug|Any CPU
		{1E4A7927-4415-4904-8723-DA1E40565ED6}.Debug|Any CPU.Build.0 = Debug|Any CPU
		{1E4A7927-4415-4904-8723-DA1E40565ED6}.Release|Any CPU.ActiveCfg = Release|Any CPU
		{1E4A7927-4415-4904-8723-DA1E40565ED6}.Release|Any CPU.Build.0 = Release|Any CPU
		{0D5C427A-BB48-482C-A64E-4D3B87C58E15}.Debug|Any CPU.ActiveCfg = Debug|Any CPU
		{0D5C427A-BB48-482C-A64E-4D3B87C58E15}.Debug|Any CPU.Build.0 = Debug|Any CPU
		{0D5C427A-BB48-482C-A64E-4D3B87C58E15}.Release|Any CPU.ActiveCfg = Release|Any CPU
		{0D5C427A-BB48-482C-A64E-4D3B87C58E15}.Release|Any CPU.Build.0 = Release|Any CPU
		{6F56EE24-DFBF-4657-9771-372BA944B4FD}.Debug|Any CPU.ActiveCfg = Debug|Any CPU
		{6F56EE24-DFBF-4657-9771-372BA944B4FD}.Debug|Any CPU.Build.0 = Debug|Any CPU
		{6F56EE24-DFBF-4657-9771-372BA944B4FD}.Release|Any CPU.ActiveCfg = Release|Any CPU
		{6F56EE24-DFBF-4657-9771-372BA944B4FD}.Release|Any CPU.Build.0 = Release|Any CPU
		{E00B1837-3431-4EA9-A226-D2BC3E68988B}.Debug|Any CPU.ActiveCfg = Debug|Any CPU
		{E00B1837-3431-4EA9-A226-D2BC3E68988B}.Debug|Any CPU.Build.0 = Debug|Any CPU
		{E00B1837-3431-4EA9-A226-D2BC3E68988B}.Release|Any CPU.ActiveCfg = Release|Any CPU
		{E00B1837-3431-4EA9-A226-D2BC3E68988B}.Release|Any CPU.Build.0 = Release|Any CPU
		{EF79700E-8351-40BC-B558-9127CA4FA5A8}.Debug|Any CPU.ActiveCfg = Debug|Any CPU
		{EF79700E-8351-40BC-B558-9127CA4FA5A8}.Debug|Any CPU.Build.0 = Debug|Any CPU
		{EF79700E-8351-40BC-B558-9127CA4FA5A8}.Release|Any CPU.ActiveCfg = Release|Any CPU
		{EF79700E-8351-40BC-B558-9127CA4FA5A8}.Release|Any CPU.Build.0 = Release|Any CPU
		{4F4191E3-0CC1-4020-8A99-78C62FC9D94A}.Debug|Any CPU.ActiveCfg = Debug|Any CPU
		{4F4191E3-0CC1-4020-8A99-78C62FC9D94A}.Debug|Any CPU.Build.0 = Debug|Any CPU
		{4F4191E3-0CC1-4020-8A99-78C62FC9D94A}.Release|Any CPU.ActiveCfg = Release|Any CPU
		{4F4191E3-0CC1-4020-8A99-78C62FC9D94A}.Release|Any CPU.Build.0 = Release|Any CPU
		{2EA947DC-7A55-4C3A-A905-D5699E5FD8CA}.Debug|Any CPU.ActiveCfg = Debug|Any CPU
		{2EA947DC-7A55-4C3A-A905-D5699E5FD8CA}.Debug|Any CPU.Build.0 = Debug|Any CPU
		{2EA947DC-7A55-4C3A-A905-D5699E5FD8CA}.Release|Any CPU.ActiveCfg = Release|Any CPU
		{2EA947DC-7A55-4C3A-A905-D5699E5FD8CA}.Release|Any CPU.Build.0 = Release|Any CPU
		{F91B3E00-A642-4FFA-AA6F-22EB48CAB8DF}.Debug|Any CPU.ActiveCfg = Debug|Any CPU
		{F91B3E00-A642-4FFA-AA6F-22EB48CAB8DF}.Debug|Any CPU.Build.0 = Debug|Any CPU
		{F91B3E00-A642-4FFA-AA6F-22EB48CAB8DF}.Release|Any CPU.ActiveCfg = Release|Any CPU
		{F91B3E00-A642-4FFA-AA6F-22EB48CAB8DF}.Release|Any CPU.Build.0 = Release|Any CPU
		{371B9D66-3D77-49A1-A866-D4FE17E474B4}.Debug|Any CPU.ActiveCfg = Debug|Any CPU
		{371B9D66-3D77-49A1-A866-D4FE17E474B4}.Debug|Any CPU.Build.0 = Debug|Any CPU
		{371B9D66-3D77-49A1-A866-D4FE17E474B4}.Release|Any CPU.ActiveCfg = Release|Any CPU
		{371B9D66-3D77-49A1-A866-D4FE17E474B4}.Release|Any CPU.Build.0 = Release|Any CPU
		{606EA754-C3BB-4144-AB12-B1A477BC6927}.Debug|Any CPU.ActiveCfg = Debug|Any CPU
		{606EA754-C3BB-4144-AB12-B1A477BC6927}.Debug|Any CPU.Build.0 = Debug|Any CPU
		{606EA754-C3BB-4144-AB12-B1A477BC6927}.Release|Any CPU.ActiveCfg = Release|Any CPU
		{606EA754-C3BB-4144-AB12-B1A477BC6927}.Release|Any CPU.Build.0 = Release|Any CPU
		{4F56B6BA-F6D0-4791-8EBD-5E0FF4CB5666}.Debug|Any CPU.ActiveCfg = Debug|Any CPU
		{4F56B6BA-F6D0-4791-8EBD-5E0FF4CB5666}.Debug|Any CPU.Build.0 = Debug|Any CPU
		{4F56B6BA-F6D0-4791-8EBD-5E0FF4CB5666}.Release|Any CPU.ActiveCfg = Release|Any CPU
		{4F56B6BA-F6D0-4791-8EBD-5E0FF4CB5666}.Release|Any CPU.Build.0 = Release|Any CPU
		{E21A04B4-F302-4691-ABB0-6CBABD94DCB2}.Debug|Any CPU.ActiveCfg = Debug|Any CPU
		{E21A04B4-F302-4691-ABB0-6CBABD94DCB2}.Debug|Any CPU.Build.0 = Debug|Any CPU
		{E21A04B4-F302-4691-ABB0-6CBABD94DCB2}.Release|Any CPU.ActiveCfg = Release|Any CPU
		{E21A04B4-F302-4691-ABB0-6CBABD94DCB2}.Release|Any CPU.Build.0 = Release|Any CPU
		{C1183AA3-782E-41B9-B88C-9A6EFD3642C4}.Debug|Any CPU.ActiveCfg = Debug|Any CPU
		{C1183AA3-782E-41B9-B88C-9A6EFD3642C4}.Debug|Any CPU.Build.0 = Debug|Any CPU
		{C1183AA3-782E-41B9-B88C-9A6EFD3642C4}.Release|Any CPU.ActiveCfg = Release|Any CPU
		{C1183AA3-782E-41B9-B88C-9A6EFD3642C4}.Release|Any CPU.Build.0 = Release|Any CPU
		{9B74E25B-636A-4153-9585-68EBFACE1383}.Debug|Any CPU.ActiveCfg = Debug|Any CPU
		{9B74E25B-636A-4153-9585-68EBFACE1383}.Debug|Any CPU.Build.0 = Debug|Any CPU
		{9B74E25B-636A-4153-9585-68EBFACE1383}.Release|Any CPU.ActiveCfg = Release|Any CPU
		{9B74E25B-636A-4153-9585-68EBFACE1383}.Release|Any CPU.Build.0 = Release|Any CPU
		{6423A9A8-F6F1-40D7-8783-E232D6044EEB}.Debug|Any CPU.ActiveCfg = Debug|Any CPU
		{6423A9A8-F6F1-40D7-8783-E232D6044EEB}.Debug|Any CPU.Build.0 = Debug|Any CPU
		{6423A9A8-F6F1-40D7-8783-E232D6044EEB}.Release|Any CPU.ActiveCfg = Release|Any CPU
		{6423A9A8-F6F1-40D7-8783-E232D6044EEB}.Release|Any CPU.Build.0 = Release|Any CPU
		{85E1204C-3099-41D0-8641-00E957D008C5}.Debug|Any CPU.ActiveCfg = Debug|Any CPU
		{85E1204C-3099-41D0-8641-00E957D008C5}.Debug|Any CPU.Build.0 = Debug|Any CPU
		{85E1204C-3099-41D0-8641-00E957D008C5}.Release|Any CPU.ActiveCfg = Release|Any CPU
		{85E1204C-3099-41D0-8641-00E957D008C5}.Release|Any CPU.Build.0 = Release|Any CPU
		{B4320FB2-62F3-4AB7-B95A-041DACB733C5}.Debug|Any CPU.ActiveCfg = Debug|Any CPU
		{B4320FB2-62F3-4AB7-B95A-041DACB733C5}.Debug|Any CPU.Build.0 = Debug|Any CPU
		{B4320FB2-62F3-4AB7-B95A-041DACB733C5}.Release|Any CPU.ActiveCfg = Release|Any CPU
		{B4320FB2-62F3-4AB7-B95A-041DACB733C5}.Release|Any CPU.Build.0 = Release|Any CPU
		{644957DE-9F5C-42B3-9DDD-0AB340D66567}.Debug|Any CPU.ActiveCfg = Debug|Any CPU
		{644957DE-9F5C-42B3-9DDD-0AB340D66567}.Debug|Any CPU.Build.0 = Debug|Any CPU
		{644957DE-9F5C-42B3-9DDD-0AB340D66567}.Release|Any CPU.ActiveCfg = Release|Any CPU
		{644957DE-9F5C-42B3-9DDD-0AB340D66567}.Release|Any CPU.Build.0 = Release|Any CPU
		{8BA64242-12D4-490C-AD85-63F9E78931A8}.Debug|Any CPU.ActiveCfg = Debug|Any CPU
		{8BA64242-12D4-490C-AD85-63F9E78931A8}.Debug|Any CPU.Build.0 = Debug|Any CPU
		{8BA64242-12D4-490C-AD85-63F9E78931A8}.Release|Any CPU.ActiveCfg = Release|Any CPU
		{8BA64242-12D4-490C-AD85-63F9E78931A8}.Release|Any CPU.Build.0 = Release|Any CPU
		{E99E3CB6-F462-4FF5-A10B-9B96C04406FE}.Debug|Any CPU.ActiveCfg = Debug|Any CPU
		{E99E3CB6-F462-4FF5-A10B-9B96C04406FE}.Debug|Any CPU.Build.0 = Debug|Any CPU
		{E99E3CB6-F462-4FF5-A10B-9B96C04406FE}.Release|Any CPU.ActiveCfg = Release|Any CPU
		{E99E3CB6-F462-4FF5-A10B-9B96C04406FE}.Release|Any CPU.Build.0 = Release|Any CPU
		{C5259CE2-05F3-43DF-8125-3CE705D3C780}.Debug|Any CPU.ActiveCfg = Debug|Any CPU
		{C5259CE2-05F3-43DF-8125-3CE705D3C780}.Debug|Any CPU.Build.0 = Debug|Any CPU
		{C5259CE2-05F3-43DF-8125-3CE705D3C780}.Release|Any CPU.ActiveCfg = Release|Any CPU
		{C5259CE2-05F3-43DF-8125-3CE705D3C780}.Release|Any CPU.Build.0 = Release|Any CPU
		{C63A7652-C37D-4979-B51B-A62D3BC8728A}.Debug|Any CPU.ActiveCfg = Debug|Any CPU
		{C63A7652-C37D-4979-B51B-A62D3BC8728A}.Debug|Any CPU.Build.0 = Debug|Any CPU
		{C63A7652-C37D-4979-B51B-A62D3BC8728A}.Release|Any CPU.ActiveCfg = Release|Any CPU
		{C63A7652-C37D-4979-B51B-A62D3BC8728A}.Release|Any CPU.Build.0 = Release|Any CPU
		{FEB8A2A1-1DE5-43F3-B9CC-AE3E9D0EB049}.Debug|Any CPU.ActiveCfg = Debug|Any CPU
		{FEB8A2A1-1DE5-43F3-B9CC-AE3E9D0EB049}.Debug|Any CPU.Build.0 = Debug|Any CPU
		{FEB8A2A1-1DE5-43F3-B9CC-AE3E9D0EB049}.Release|Any CPU.ActiveCfg = Release|Any CPU
		{FEB8A2A1-1DE5-43F3-B9CC-AE3E9D0EB049}.Release|Any CPU.Build.0 = Release|Any CPU
		{D320AFDB-68EF-41C3-9FC6-9F7CB1BD4E97}.Debug|Any CPU.ActiveCfg = Debug|Any CPU
		{D320AFDB-68EF-41C3-9FC6-9F7CB1BD4E97}.Debug|Any CPU.Build.0 = Debug|Any CPU
		{D320AFDB-68EF-41C3-9FC6-9F7CB1BD4E97}.Release|Any CPU.ActiveCfg = Release|Any CPU
		{D320AFDB-68EF-41C3-9FC6-9F7CB1BD4E97}.Release|Any CPU.Build.0 = Release|Any CPU
		{99A49336-47C0-4F28-9F18-8823AF207D42}.Debug|Any CPU.ActiveCfg = Debug|Any CPU
		{99A49336-47C0-4F28-9F18-8823AF207D42}.Debug|Any CPU.Build.0 = Debug|Any CPU
		{99A49336-47C0-4F28-9F18-8823AF207D42}.Release|Any CPU.ActiveCfg = Release|Any CPU
		{99A49336-47C0-4F28-9F18-8823AF207D42}.Release|Any CPU.Build.0 = Release|Any CPU
		{D06FEF84-252D-47CC-B317-80CCFA1DBEB5}.Debug|Any CPU.ActiveCfg = Debug|Any CPU
		{D06FEF84-252D-47CC-B317-80CCFA1DBEB5}.Debug|Any CPU.Build.0 = Debug|Any CPU
		{D06FEF84-252D-47CC-B317-80CCFA1DBEB5}.Release|Any CPU.ActiveCfg = Release|Any CPU
		{D06FEF84-252D-47CC-B317-80CCFA1DBEB5}.Release|Any CPU.Build.0 = Release|Any CPU
		{E3F792B7-F52E-4C19-916C-07CA55E5C402}.Debug|Any CPU.ActiveCfg = Debug|Any CPU
		{E3F792B7-F52E-4C19-916C-07CA55E5C402}.Debug|Any CPU.Build.0 = Debug|Any CPU
		{E3F792B7-F52E-4C19-916C-07CA55E5C402}.Release|Any CPU.ActiveCfg = Release|Any CPU
		{E3F792B7-F52E-4C19-916C-07CA55E5C402}.Release|Any CPU.Build.0 = Release|Any CPU
		{341585FB-FB84-491D-AA9E-FC8FBA37DBEF}.Debug|Any CPU.ActiveCfg = Debug|Any CPU
		{341585FB-FB84-491D-AA9E-FC8FBA37DBEF}.Debug|Any CPU.Build.0 = Debug|Any CPU
		{341585FB-FB84-491D-AA9E-FC8FBA37DBEF}.Release|Any CPU.ActiveCfg = Release|Any CPU
		{341585FB-FB84-491D-AA9E-FC8FBA37DBEF}.Release|Any CPU.Build.0 = Release|Any CPU
		{A1E7977E-F3CE-46A0-8F90-29168A2D7CCF}.Debug|Any CPU.ActiveCfg = Debug|Any CPU
		{A1E7977E-F3CE-46A0-8F90-29168A2D7CCF}.Debug|Any CPU.Build.0 = Debug|Any CPU
		{A1E7977E-F3CE-46A0-8F90-29168A2D7CCF}.Release|Any CPU.ActiveCfg = Release|Any CPU
		{A1E7977E-F3CE-46A0-8F90-29168A2D7CCF}.Release|Any CPU.Build.0 = Release|Any CPU
		{C424342C-93D8-4997-B00B-CFA4A72F6DCA}.Debug|Any CPU.ActiveCfg = Debug|Any CPU
		{C424342C-93D8-4997-B00B-CFA4A72F6DCA}.Debug|Any CPU.Build.0 = Debug|Any CPU
		{C424342C-93D8-4997-B00B-CFA4A72F6DCA}.Release|Any CPU.ActiveCfg = Release|Any CPU
		{C424342C-93D8-4997-B00B-CFA4A72F6DCA}.Release|Any CPU.Build.0 = Release|Any CPU
		{4C001BBD-25EC-4908-988C-42DFA74960F0}.Debug|Any CPU.ActiveCfg = Debug|Any CPU
		{4C001BBD-25EC-4908-988C-42DFA74960F0}.Debug|Any CPU.Build.0 = Debug|Any CPU
		{4C001BBD-25EC-4908-988C-42DFA74960F0}.Release|Any CPU.ActiveCfg = Release|Any CPU
		{4C001BBD-25EC-4908-988C-42DFA74960F0}.Release|Any CPU.Build.0 = Release|Any CPU
		{397023F2-14D2-4E88-967E-D8F89562C99F}.Debug|Any CPU.ActiveCfg = Debug|Any CPU
		{397023F2-14D2-4E88-967E-D8F89562C99F}.Debug|Any CPU.Build.0 = Debug|Any CPU
		{397023F2-14D2-4E88-967E-D8F89562C99F}.Release|Any CPU.ActiveCfg = Release|Any CPU
		{397023F2-14D2-4E88-967E-D8F89562C99F}.Release|Any CPU.Build.0 = Release|Any CPU
		{6BF9347B-6FFB-49C1-8BCC-1B8CD078F44A}.Debug|Any CPU.ActiveCfg = Debug|Any CPU
		{6BF9347B-6FFB-49C1-8BCC-1B8CD078F44A}.Debug|Any CPU.Build.0 = Debug|Any CPU
		{6BF9347B-6FFB-49C1-8BCC-1B8CD078F44A}.Release|Any CPU.ActiveCfg = Release|Any CPU
		{6BF9347B-6FFB-49C1-8BCC-1B8CD078F44A}.Release|Any CPU.Build.0 = Release|Any CPU
	EndGlobalSection
	GlobalSection(SolutionProperties) = preSolution
		HideSolutionNode = FALSE
	EndGlobalSection
	GlobalSection(ExtensibilityGlobals) = postSolution
		SolutionGuid = {CC86918C-C703-4B42-8DC6-3D8132B53116}
	EndGlobalSection
EndGlobal
